
Microsoft Visual Studio Solution File, Format Version 12.00
# Visual Studio Version 16
VisualStudioVersion = 16.0.31410.357
MinimumVisualStudioVersion = 10.0.40219.1
Project("{FAE04EC0-301F-11D3-BF4B-00C04F79EFBC}") = "OgrenciTakipProjesi", "OgrenciTakipProjesi\OgrenciTakipProjesi.csproj", "{6EFDE84C-6EF9-4B8F-A6E5-99F04D6148CB}"
EndProject
Global
	GlobalSection(SolutionConfigurationPlatforms) = preSolution
		Debug|Any CPU = Debug|Any CPU
		Release|Any CPU = Release|Any CPU
	EndGlobalSection
	GlobalSection(ProjectConfigurationPlatforms) = postSolution
		{6EFDE84C-6EF9-4B8F-A6E5-99F04D6148CB}.Debug|Any CPU.ActiveCfg = Debug|Any CPU
		{6EFDE84C-6EF9-4B8F-A6E5-99F04D6148CB}.Debug|Any CPU.Build.0 = Debug|Any CPU
		{6EFDE84C-6EF9-4B8F-A6E5-99F04D6148CB}.Release|Any CPU.ActiveCfg = Release|Any CPU
		{6EFDE84C-6EF9-4B8F-A6E5-99F04D6148CB}.Release|Any CPU.Build.0 = Release|Any CPU
	EndGlobalSection
	GlobalSection(SolutionProperties) = preSolution
		HideSolutionNode = FALSE
	EndGlobalSection
	GlobalSection(ExtensibilityGlobals) = postSolution
		SolutionGuid = {EB86A569-C190-4705-AFB3-F6206BB4A6E6}
	EndGlobalSection
EndGlobal
