
Microsoft Visual Studio Solution File, Format Version 12.00
# Visual Studio Version 16
VisualStudioVersion = 16.0.31424.327
MinimumVisualStudioVersion = 10.0.40219.1
Project("{E24C65DC-7377-472B-9ABA-BC803B73C61A}") = "Kafe", "Kafe\", "{295DCF8D-280B-4AC1-832E-53148DE0CC98}"
	ProjectSection(WebsiteProperties) = preProject
		TargetFrameworkMoniker = ".NETFramework,Version%3Dv4.7.2"
		Debug.AspNetCompiler.VirtualPath = "/localhost_57269"
		Debug.AspNetCompiler.PhysicalPath = "Kafe\"
		Debug.AspNetCompiler.TargetPath = "PrecompiledWeb\localhost_57269\"
		Debug.AspNetCompiler.Updateable = "true"
		Debug.AspNetCompiler.ForceOverwrite = "true"
		Debug.AspNetCompiler.FixedNames = "false"
		Debug.AspNetCompiler.Debug = "True"
		Release.AspNetCompiler.VirtualPath = "/localhost_57269"
		Release.AspNetCompiler.PhysicalPath = "Kafe\"
		Release.AspNetCompiler.TargetPath = "PrecompiledWeb\localhost_57269\"
		Release.AspNetCompiler.Updateable = "true"
		Release.AspNetCompiler.ForceOverwrite = "true"
		Release.AspNetCompiler.FixedNames = "false"
		Release.AspNetCompiler.Debug = "False"
		VWDPort = "57269"
		SlnRelativePath = "Kafe\"
		DefaultWebSiteLanguage = "Visual C#"
	EndProjectSection
EndProject
Global
	GlobalSection(SolutionConfigurationPlatforms) = preSolution
		Debug|Any CPU = Debug|Any CPU
	EndGlobalSection
	GlobalSection(ProjectConfigurationPlatforms) = postSolution
		{295DCF8D-280B-4AC1-832E-53148DE0CC98}.Debug|Any CPU.ActiveCfg = Debug|Any CPU
		{295DCF8D-280B-4AC1-832E-53148DE0CC98}.Debug|Any CPU.Build.0 = Debug|Any CPU
	EndGlobalSection
	GlobalSection(SolutionProperties) = preSolution
		HideSolutionNode = FALSE
	EndGlobalSection
	GlobalSection(ExtensibilityGlobals) = postSolution
		SolutionGuid = {9A38B0A7-4317-4EA7-9842-D8CC9AEAC46C}
	EndGlobalSection
EndGlobal
