
Microsoft Visual Studio Solution File, Format Version 12.00
# Visual Studio Version 16
VisualStudioVersion = 16.0.31424.327
MinimumVisualStudioVersion = 10.0.40219.1
Project("{FAE04EC0-301F-11D3-BF4B-00C04F79EFBC}") = "YetenekKartiProjesi", "Skill_CodeFirstEntity\YetenekKartiProjesi.csproj", "{B0106B26-7DB5-4AF1-974D-C1836977E7AD}"
EndProject
Global
	GlobalSection(SolutionConfigurationPlatforms) = preSolution
		Debug|Any CPU = Debug|Any CPU
		Release|Any CPU = Release|Any CPU
	EndGlobalSection
	GlobalSection(ProjectConfigurationPlatforms) = postSolution
		{B0106B26-7DB5-4AF1-974D-C1836977E7AD}.Debug|Any CPU.ActiveCfg = Debug|Any CPU
		{B0106B26-7DB5-4AF1-974D-C1836977E7AD}.Debug|Any CPU.Build.0 = Debug|Any CPU
		{B0106B26-7DB5-4AF1-974D-C1836977E7AD}.Release|Any CPU.ActiveCfg = Release|Any CPU
		{B0106B26-7DB5-4AF1-974D-C1836977E7AD}.Release|Any CPU.Build.0 = Release|Any CPU
	EndGlobalSection
	GlobalSection(SolutionProperties) = preSolution
		HideSolutionNode = FALSE
	EndGlobalSection
	GlobalSection(ExtensibilityGlobals) = postSolution
		SolutionGuid = {FB8466C1-84A4-4BAA-A37F-F5DB119195F8}
	EndGlobalSection
EndGlobal
