
Microsoft Visual Studio Solution File, Format Version 12.00
# Visual Studio Version 16
VisualStudioVersion = 16.0.31410.357
MinimumVisualStudioVersion = 10.0.40219.1
Project("{FAE04EC0-301F-11D3-BF4B-00C04F79EFBC}") = "WindowsFormKOS", "WindowsFormKOS\WindowsFormKOS.csproj", "{849FB2EC-C174-48B8-B885-D2D9A657EACC}"
EndProject
Global
	GlobalSection(SolutionConfigurationPlatforms) = preSolution
		Debug|Any CPU = Debug|Any CPU
		Release|Any CPU = Release|Any CPU
	EndGlobalSection
	GlobalSection(ProjectConfigurationPlatforms) = postSolution
		{849FB2EC-C174-48B8-B885-D2D9A657EACC}.Debug|Any CPU.ActiveCfg = Debug|Any CPU
		{849FB2EC-C174-48B8-B885-D2D9A657EACC}.Debug|Any CPU.Build.0 = Debug|Any CPU
		{849FB2EC-C174-48B8-B885-D2D9A657EACC}.Release|Any CPU.ActiveCfg = Release|Any CPU
		{849FB2EC-C174-48B8-B885-D2D9A657EACC}.Release|Any CPU.Build.0 = Release|Any CPU
	EndGlobalSection
	GlobalSection(SolutionProperties) = preSolution
		HideSolutionNode = FALSE
	EndGlobalSection
	GlobalSection(ExtensibilityGlobals) = postSolution
		SolutionGuid = {116559A5-B25B-427A-B9F1-EE43FE50EE9D}
	EndGlobalSection
EndGlobal
