
Microsoft Visual Studio Solution File, Format Version 12.00
# Visual Studio Version 16
VisualStudioVersion = 16.0.31624.102
MinimumVisualStudioVersion = 10.0.40219.1
Project("{E24C65DC-7377-472B-9ABA-BC803B73C61A}") = "YazOkuluProjesi", "YazOkuluProjesi\", "{DADBE4BE-D355-4923-9DF2-35FD1C37369D}"
	ProjectSection(WebsiteProperties) = preProject
		TargetFrameworkMoniker = ".NETFramework,Version%3Dv4.5"
		ProjectReferences = "{29ed0666-f41d-448d-8e8e-336324292940}|BusinessLogicLayer.dll;{8d4f8582-87bf-4f74-a8ad-19e83d0b3117}|DataAccessLayer.dll;{ab2864f6-8a1a-4df0-8844-7fdd87303c41}|EntityLayer.dll;"
		Debug.AspNetCompiler.VirtualPath = "/localhost_61309"
		Debug.AspNetCompiler.PhysicalPath = "YazOkuluProjesi\"
		Debug.AspNetCompiler.TargetPath = "PrecompiledWeb\localhost_61309\"
		Debug.AspNetCompiler.Updateable = "true"
		Debug.AspNetCompiler.ForceOverwrite = "true"
		Debug.AspNetCompiler.FixedNames = "false"
		Debug.AspNetCompiler.Debug = "True"
		Release.AspNetCompiler.VirtualPath = "/localhost_61309"
		Release.AspNetCompiler.PhysicalPath = "YazOkuluProjesi\"
		Release.AspNetCompiler.TargetPath = "PrecompiledWeb\localhost_61309\"
		Release.AspNetCompiler.Updateable = "true"
		Release.AspNetCompiler.ForceOverwrite = "true"
		Release.AspNetCompiler.FixedNames = "false"
		Release.AspNetCompiler.Debug = "False"
		VWDPort = "61309"
		SlnRelativePath = "YazOkuluProjesi\"
		DefaultWebSiteLanguage = "Visual C#"
	EndProjectSection
EndProject
Project("{FAE04EC0-301F-11D3-BF4B-00C04F79EFBC}") = "EntityLayer", "EntityLayer\EntityLayer.csproj", "{AB2864F6-8A1A-4DF0-8844-7FDD87303C41}"
EndProject
Project("{FAE04EC0-301F-11D3-BF4B-00C04F79EFBC}") = "DataAccessLayer", "DataAccessLayer\DataAccessLayer.csproj", "{8D4F8582-87BF-4F74-A8AD-19E83D0B3117}"
EndProject
Project("{FAE04EC0-301F-11D3-BF4B-00C04F79EFBC}") = "BusinessLogicLayer", "BusinessLogicLayer\BusinessLogicLayer.csproj", "{29ED0666-F41D-448D-8E8E-336324292940}"
EndProject
Global
	GlobalSection(SolutionConfigurationPlatforms) = preSolution
		Debug|Any CPU = Debug|Any CPU
		Release|Any CPU = Release|Any CPU
	EndGlobalSection
	GlobalSection(ProjectConfigurationPlatforms) = postSolution
		{DADBE4BE-D355-4923-9DF2-35FD1C37369D}.Debug|Any CPU.ActiveCfg = Debug|Any CPU
		{DADBE4BE-D355-4923-9DF2-35FD1C37369D}.Debug|Any CPU.Build.0 = Debug|Any CPU
		{DADBE4BE-D355-4923-9DF2-35FD1C37369D}.Release|Any CPU.ActiveCfg = Debug|Any CPU
		{DADBE4BE-D355-4923-9DF2-35FD1C37369D}.Release|Any CPU.Build.0 = Debug|Any CPU
		{AB2864F6-8A1A-4DF0-8844-7FDD87303C41}.Debug|Any CPU.ActiveCfg = Debug|Any CPU
		{AB2864F6-8A1A-4DF0-8844-7FDD87303C41}.Debug|Any CPU.Build.0 = Debug|Any CPU
		{AB2864F6-8A1A-4DF0-8844-7FDD87303C41}.Release|Any CPU.ActiveCfg = Release|Any CPU
		{AB2864F6-8A1A-4DF0-8844-7FDD87303C41}.Release|Any CPU.Build.0 = Release|Any CPU
		{8D4F8582-87BF-4F74-A8AD-19E83D0B3117}.Debug|Any CPU.ActiveCfg = Debug|Any CPU
		{8D4F8582-87BF-4F74-A8AD-19E83D0B3117}.Debug|Any CPU.Build.0 = Debug|Any CPU
		{8D4F8582-87BF-4F74-A8AD-19E83D0B3117}.Release|Any CPU.ActiveCfg = Release|Any CPU
		{8D4F8582-87BF-4F74-A8AD-19E83D0B3117}.Release|Any CPU.Build.0 = Release|Any CPU
		{29ED0666-F41D-448D-8E8E-336324292940}.Debug|Any CPU.ActiveCfg = Debug|Any CPU
		{29ED0666-F41D-448D-8E8E-336324292940}.Debug|Any CPU.Build.0 = Debug|Any CPU
		{29ED0666-F41D-448D-8E8E-336324292940}.Release|Any CPU.ActiveCfg = Release|Any CPU
		{29ED0666-F41D-448D-8E8E-336324292940}.Release|Any CPU.Build.0 = Release|Any CPU
	EndGlobalSection
	GlobalSection(SolutionProperties) = preSolution
		HideSolutionNode = FALSE
	EndGlobalSection
	GlobalSection(ExtensibilityGlobals) = postSolution
		SolutionGuid = {136F1D81-62D2-4C48-92F2-52BCCE4FEE7C}
	EndGlobalSection
EndGlobal
